
Microsoft Visual Studio Solution File, Format Version 12.00
# Visual Studio Version 17
VisualStudioVersion = 17.5.33627.172
MinimumVisualStudioVersion = 10.0.40219.1
Project("{FAE04EC0-301F-11D3-BF4B-00C04F79EFBC}") = "CsharpBasic", "CsharpBasic\CsharpBasic.csproj", "{23D34DF4-902F-4D49-9176-61D215D5BADB}"
EndProject
Global
	GlobalSection(SolutionConfigurationPlatforms) = preSolution
		Debug|Any CPU = Debug|Any CPU
		Release|Any CPU = Release|Any CPU
	EndGlobalSection
	GlobalSection(ProjectConfigurationPlatforms) = postSolution
		{23D34DF4-902F-4D49-9176-61D215D5BADB}.Debug|Any CPU.ActiveCfg = Debug|Any CPU
		{23D34DF4-902F-4D49-9176-61D215D5BADB}.Debug|Any CPU.Build.0 = Debug|Any CPU
		{23D34DF4-902F-4D49-9176-61D215D5BADB}.Release|Any CPU.ActiveCfg = Release|Any CPU
		{23D34DF4-902F-4D49-9176-61D215D5BADB}.Release|Any CPU.Build.0 = Release|Any CPU
	EndGlobalSection
	GlobalSection(SolutionProperties) = preSolution
		HideSolutionNode = FALSE
	EndGlobalSection
	GlobalSection(ExtensibilityGlobals) = postSolution
		SolutionGuid = {CC07D430-A3A4-4ACB-AE26-390C4E033818}
	EndGlobalSection
EndGlobal
